// !$*UTF8*$!
{
	archiveVersion = 1;
	classes = {
	};
	objectVersion = 50;
	objects = {

/* Begin PBXBuildFile section */
		0C44D6C42428506100BA96AF /* Match.swift in Sources */ = {isa = PBXBuildFile; fileRef = 0C44D6C32428506100BA96AF /* Match.swift */; };
		0C5742862468720500013B0A /* PlayerTests.swift in Sources */ = {isa = PBXBuildFile; fileRef = 0C5742852468720500013B0A /* PlayerTests.swift */; };
		0C5742882468725500013B0A /* TestFixtures.swift in Sources */ = {isa = PBXBuildFile; fileRef = 0C5742872468725500013B0A /* TestFixtures.swift */; };
		0C78659C2482F9D9001356FB /* DataWrapper.swift in Sources */ = {isa = PBXBuildFile; fileRef = 0C78659B2482F9D9001356FB /* DataWrapper.swift */; };
		0C9EE907242D9747005737B7 /* MatchTests.swift in Sources */ = {isa = PBXBuildFile; fileRef = 0C9EE906242D9747005737B7 /* MatchTests.swift */; };
		0C9EE90F242DA0B9005737B7 /* PlayerMatchesViewController.swift in Sources */ = {isa = PBXBuildFile; fileRef = 0C9EE90E242DA0B9005737B7 /* PlayerMatchesViewController.swift */; };
		0CAEE0112429A4A800BB60D9 /* MatchHistoryViewController.swift in Sources */ = {isa = PBXBuildFile; fileRef = 0CAEE0102429A4A800BB60D9 /* MatchHistoryViewController.swift */; };
		0CAEE0132429A4EF00BB60D9 /* MatchTableViewCell.swift in Sources */ = {isa = PBXBuildFile; fileRef = 0CAEE0122429A4EF00BB60D9 /* MatchTableViewCell.swift */; };
		0CD0C4C224245399000714F1 /* PlayersViewController.swift in Sources */ = {isa = PBXBuildFile; fileRef = 0CD0C4C124245399000714F1 /* PlayersViewController.swift */; };
		0CD0C4C72424587F000714F1 /* Extensions.swift in Sources */ = {isa = PBXBuildFile; fileRef = 0CD0C4C62424587F000714F1 /* Extensions.swift */; };
		0CE75E392423121E006CD68B /* AppDelegate.swift in Sources */ = {isa = PBXBuildFile; fileRef = 0CE75E382423121E006CD68B /* AppDelegate.swift */; };
		0CE75E3B2423121E006CD68B /* SceneDelegate.swift in Sources */ = {isa = PBXBuildFile; fileRef = 0CE75E3A2423121E006CD68B /* SceneDelegate.swift */; };
		0CE75E3D2423121E006CD68B /* ReportMatchViewController.swift in Sources */ = {isa = PBXBuildFile; fileRef = 0CE75E3C2423121E006CD68B /* ReportMatchViewController.swift */; };
		0CE75E402423121E006CD68B /* Main.storyboard in Resources */ = {isa = PBXBuildFile; fileRef = 0CE75E3E2423121E006CD68B /* Main.storyboard */; };
		0CE75E452423121F006CD68B /* Assets.xcassets in Resources */ = {isa = PBXBuildFile; fileRef = 0CE75E442423121F006CD68B /* Assets.xcassets */; };
		0CE75E482423121F006CD68B /* LaunchScreen.storyboard in Resources */ = {isa = PBXBuildFile; fileRef = 0CE75E462423121F006CD68B /* LaunchScreen.storyboard */; };
		0CE7F62124246B3A004242C3 /* Player.swift in Sources */ = {isa = PBXBuildFile; fileRef = 0CE7F62024246B3A004242C3 /* Player.swift */; };
		0CE7F6232424775D004242C3 /* PlayerTableViewCell.swift in Sources */ = {isa = PBXBuildFile; fileRef = 0CE7F6222424775D004242C3 /* PlayerTableViewCell.swift */; };
		0CF539EF247C762800B9133C /* EditMatchViewController.swift in Sources */ = {isa = PBXBuildFile; fileRef = 0CF539EE247C762800B9133C /* EditMatchViewController.swift */; };
		DC3118A82BB9D1108C21BA81 /* Pods_National_Champions.framework in Frameworks */ = {isa = PBXBuildFile; fileRef = 5D4B706FDEAE42BDF796DCEA /* Pods_National_Champions.framework */; };
/* End PBXBuildFile section */

/* Begin PBXContainerItemProxy section */
		0C9EE909242D9747005737B7 /* PBXContainerItemProxy */ = {
			isa = PBXContainerItemProxy;
			containerPortal = 0CE75E2D2423121E006CD68B /* Project object */;
			proxyType = 1;
			remoteGlobalIDString = 0CE75E342423121E006CD68B;
			remoteInfo = "National Champions";
		};
/* End PBXContainerItemProxy section */

/* Begin PBXFileReference section */
		0C44D6C32428506100BA96AF /* Match.swift */ = {isa = PBXFileReference; lastKnownFileType = sourcecode.swift; path = Match.swift; sourceTree = "<group>"; };
		0C5742852468720500013B0A /* PlayerTests.swift */ = {isa = PBXFileReference; lastKnownFileType = sourcecode.swift; path = PlayerTests.swift; sourceTree = "<group>"; };
		0C5742872468725500013B0A /* TestFixtures.swift */ = {isa = PBXFileReference; lastKnownFileType = sourcecode.swift; path = TestFixtures.swift; sourceTree = "<group>"; };
		0C78659B2482F9D9001356FB /* DataWrapper.swift */ = {isa = PBXFileReference; lastKnownFileType = sourcecode.swift; path = DataWrapper.swift; sourceTree = "<group>"; };
		0C9EE904242D9747005737B7 /* NationalChampionsTests.xctest */ = {isa = PBXFileReference; explicitFileType = wrapper.cfbundle; includeInIndex = 0; path = NationalChampionsTests.xctest; sourceTree = BUILT_PRODUCTS_DIR; };
		0C9EE906242D9747005737B7 /* MatchTests.swift */ = {isa = PBXFileReference; lastKnownFileType = sourcecode.swift; path = MatchTests.swift; sourceTree = "<group>"; };
		0C9EE908242D9747005737B7 /* Info.plist */ = {isa = PBXFileReference; lastKnownFileType = text.plist.xml; path = Info.plist; sourceTree = "<group>"; };
		0C9EE90E242DA0B9005737B7 /* PlayerMatchesViewController.swift */ = {isa = PBXFileReference; lastKnownFileType = sourcecode.swift; path = PlayerMatchesViewController.swift; sourceTree = "<group>"; };
		0CAEE0102429A4A800BB60D9 /* MatchHistoryViewController.swift */ = {isa = PBXFileReference; lastKnownFileType = sourcecode.swift; path = MatchHistoryViewController.swift; sourceTree = "<group>"; };
		0CAEE0122429A4EF00BB60D9 /* MatchTableViewCell.swift */ = {isa = PBXFileReference; lastKnownFileType = sourcecode.swift; path = MatchTableViewCell.swift; sourceTree = "<group>"; };
		0CD0C4C124245399000714F1 /* PlayersViewController.swift */ = {isa = PBXFileReference; lastKnownFileType = sourcecode.swift; path = PlayersViewController.swift; sourceTree = "<group>"; };
		0CD0C4C62424587F000714F1 /* Extensions.swift */ = {isa = PBXFileReference; lastKnownFileType = sourcecode.swift; path = Extensions.swift; sourceTree = "<group>"; };
		0CE75E352423121E006CD68B /* National Champs.app */ = {isa = PBXFileReference; explicitFileType = wrapper.application; includeInIndex = 0; path = "National Champs.app"; sourceTree = BUILT_PRODUCTS_DIR; };
		0CE75E382423121E006CD68B /* AppDelegate.swift */ = {isa = PBXFileReference; lastKnownFileType = sourcecode.swift; path = AppDelegate.swift; sourceTree = "<group>"; };
		0CE75E3A2423121E006CD68B /* SceneDelegate.swift */ = {isa = PBXFileReference; lastKnownFileType = sourcecode.swift; path = SceneDelegate.swift; sourceTree = "<group>"; };
		0CE75E3C2423121E006CD68B /* ReportMatchViewController.swift */ = {isa = PBXFileReference; lastKnownFileType = sourcecode.swift; path = ReportMatchViewController.swift; sourceTree = "<group>"; };
		0CE75E3F2423121E006CD68B /* Base */ = {isa = PBXFileReference; lastKnownFileType = file.storyboard; name = Base; path = Base.lproj/Main.storyboard; sourceTree = "<group>"; };
		0CE75E442423121F006CD68B /* Assets.xcassets */ = {isa = PBXFileReference; lastKnownFileType = folder.assetcatalog; path = Assets.xcassets; sourceTree = "<group>"; };
		0CE75E472423121F006CD68B /* Base */ = {isa = PBXFileReference; lastKnownFileType = file.storyboard; name = Base; path = Base.lproj/LaunchScreen.storyboard; sourceTree = "<group>"; };
		0CE75E492423121F006CD68B /* Info.plist */ = {isa = PBXFileReference; lastKnownFileType = text.plist.xml; path = Info.plist; sourceTree = "<group>"; };
		0CE7F62024246B3A004242C3 /* Player.swift */ = {isa = PBXFileReference; lastKnownFileType = sourcecode.swift; path = Player.swift; sourceTree = "<group>"; };
		0CE7F6222424775D004242C3 /* PlayerTableViewCell.swift */ = {isa = PBXFileReference; lastKnownFileType = sourcecode.swift; path = PlayerTableViewCell.swift; sourceTree = "<group>"; };
		0CF539EE247C762800B9133C /* EditMatchViewController.swift */ = {isa = PBXFileReference; lastKnownFileType = sourcecode.swift; path = EditMatchViewController.swift; sourceTree = "<group>"; };
		50CBC24AAF8B6DC63256F6CD /* Pods-National Champions.release.xcconfig */ = {isa = PBXFileReference; includeInIndex = 1; lastKnownFileType = text.xcconfig; name = "Pods-National Champions.release.xcconfig"; path = "Target Support Files/Pods-National Champions/Pods-National Champions.release.xcconfig"; sourceTree = "<group>"; };
		5D4B706FDEAE42BDF796DCEA /* Pods_National_Champions.framework */ = {isa = PBXFileReference; explicitFileType = wrapper.framework; includeInIndex = 0; path = Pods_National_Champions.framework; sourceTree = BUILT_PRODUCTS_DIR; };
		CD4DF339D3B75A7DA43607A1 /* Pods-National Champions.debug.xcconfig */ = {isa = PBXFileReference; includeInIndex = 1; lastKnownFileType = text.xcconfig; name = "Pods-National Champions.debug.xcconfig"; path = "Target Support Files/Pods-National Champions/Pods-National Champions.debug.xcconfig"; sourceTree = "<group>"; };
/* End PBXFileReference section */

/* Begin PBXFrameworksBuildPhase section */
		0C9EE901242D9747005737B7 /* Frameworks */ = {
			isa = PBXFrameworksBuildPhase;
			buildActionMask = 2147483647;
			files = (
			);
			runOnlyForDeploymentPostprocessing = 0;
		};
		0CE75E322423121E006CD68B /* Frameworks */ = {
			isa = PBXFrameworksBuildPhase;
			buildActionMask = 2147483647;
			files = (
				DC3118A82BB9D1108C21BA81 /* Pods_National_Champions.framework in Frameworks */,
			);
			runOnlyForDeploymentPostprocessing = 0;
		};
/* End PBXFrameworksBuildPhase section */

/* Begin PBXGroup section */
		0C9EE905242D9747005737B7 /* NationalChampionsTests */ = {
			isa = PBXGroup;
			children = (
				0C9EE906242D9747005737B7 /* MatchTests.swift */,
				0C5742852468720500013B0A /* PlayerTests.swift */,
				0C9EE908242D9747005737B7 /* Info.plist */,
				0C5742872468725500013B0A /* TestFixtures.swift */,
			);
			path = NationalChampionsTests;
			sourceTree = "<group>";
		};
		0CD0C4C324245833000714F1 /* View */ = {
			isa = PBXGroup;
			children = (
				0CE75E462423121F006CD68B /* LaunchScreen.storyboard */,
				0CE75E3E2423121E006CD68B /* Main.storyboard */,
				0CE75E442423121F006CD68B /* Assets.xcassets */,
			);
			path = View;
			sourceTree = "<group>";
		};
		0CD0C4C42424583B000714F1 /* Controller */ = {
			isa = PBXGroup;
			children = (
				0CE75E3C2423121E006CD68B /* ReportMatchViewController.swift */,
				0CAEE0102429A4A800BB60D9 /* MatchHistoryViewController.swift */,
				0CAEE0122429A4EF00BB60D9 /* MatchTableViewCell.swift */,
				0CD0C4C124245399000714F1 /* PlayersViewController.swift */,
				0CE7F6222424775D004242C3 /* PlayerTableViewCell.swift */,
				0C9EE90E242DA0B9005737B7 /* PlayerMatchesViewController.swift */,
				0CF539EE247C762800B9133C /* EditMatchViewController.swift */,
			);
			path = Controller;
			sourceTree = "<group>";
		};
		0CD0C4C524245843000714F1 /* Support */ = {
			isa = PBXGroup;
			children = (
				0CE75E382423121E006CD68B /* AppDelegate.swift */,
				0CE75E3A2423121E006CD68B /* SceneDelegate.swift */,
				0CD0C4C62424587F000714F1 /* Extensions.swift */,
			);
			path = Support;
			sourceTree = "<group>";
		};
		0CE75E2C2423121E006CD68B = {
			isa = PBXGroup;
			children = (
				0CE75E372423121E006CD68B /* National Champions */,
				0C9EE905242D9747005737B7 /* NationalChampionsTests */,
				0CE75E362423121E006CD68B /* Products */,
				C2F7EB6C98D3E67111D62594 /* Pods */,
				5334032B7882EBB2C04414C3 /* Frameworks */,
			);
			sourceTree = "<group>";
		};
		0CE75E362423121E006CD68B /* Products */ = {
			isa = PBXGroup;
			children = (
				0CE75E352423121E006CD68B /* National Champs.app */,
				0C9EE904242D9747005737B7 /* NationalChampionsTests.xctest */,
			);
			name = Products;
			sourceTree = "<group>";
		};
		0CE75E372423121E006CD68B /* National Champions */ = {
			isa = PBXGroup;
			children = (
				0CD0C4C324245833000714F1 /* View */,
				0CD0C4C42424583B000714F1 /* Controller */,
				0CE7F61F24246B29004242C3 /* Model */,
				0CD0C4C524245843000714F1 /* Support */,
				0CE75E492423121F006CD68B /* Info.plist */,
			);
			path = "National Champions";
			sourceTree = "<group>";
		};
		0CE7F61F24246B29004242C3 /* Model */ = {
			isa = PBXGroup;
			children = (
				0CE7F62024246B3A004242C3 /* Player.swift */,
				0C44D6C32428506100BA96AF /* Match.swift */,
				0C78659B2482F9D9001356FB /* DataWrapper.swift */,
			);
			path = Model;
			sourceTree = "<group>";
		};
		5334032B7882EBB2C04414C3 /* Frameworks */ = {
			isa = PBXGroup;
			children = (
				5D4B706FDEAE42BDF796DCEA /* Pods_National_Champions.framework */,
			);
			name = Frameworks;
			sourceTree = "<group>";
		};
		C2F7EB6C98D3E67111D62594 /* Pods */ = {
			isa = PBXGroup;
			children = (
				CD4DF339D3B75A7DA43607A1 /* Pods-National Champions.debug.xcconfig */,
				50CBC24AAF8B6DC63256F6CD /* Pods-National Champions.release.xcconfig */,
			);
			path = Pods;
			sourceTree = "<group>";
		};
/* End PBXGroup section */

/* Begin PBXNativeTarget section */
		0C9EE903242D9747005737B7 /* NationalChampionsTests */ = {
			isa = PBXNativeTarget;
			buildConfigurationList = 0C9EE90B242D9747005737B7 /* Build configuration list for PBXNativeTarget "NationalChampionsTests" */;
			buildPhases = (
				0C9EE900242D9747005737B7 /* Sources */,
				0C9EE901242D9747005737B7 /* Frameworks */,
				0C9EE902242D9747005737B7 /* Resources */,
			);
			buildRules = (
			);
			dependencies = (
				0C9EE90A242D9747005737B7 /* PBXTargetDependency */,
			);
			name = NationalChampionsTests;
			productName = NationalChampionsTests;
			productReference = 0C9EE904242D9747005737B7 /* NationalChampionsTests.xctest */;
			productType = "com.apple.product-type.bundle.unit-test";
		};
		0CE75E342423121E006CD68B /* National Champions */ = {
			isa = PBXNativeTarget;
			buildConfigurationList = 0CE75E4C2423121F006CD68B /* Build configuration list for PBXNativeTarget "National Champions" */;
			buildPhases = (
				12E2993BB8DC8A862EEE79B5 /* [CP] Check Pods Manifest.lock */,
				0CE75E312423121E006CD68B /* Sources */,
				0CE75E322423121E006CD68B /* Frameworks */,
				0CE75E332423121E006CD68B /* Resources */,
			);
			buildRules = (
			);
			dependencies = (
			);
			name = "National Champions";
			productName = "Coach Toolbox";
			productReference = 0CE75E352423121E006CD68B /* National Champs.app */;
			productType = "com.apple.product-type.application";
		};
/* End PBXNativeTarget section */

/* Begin PBXProject section */
		0CE75E2D2423121E006CD68B /* Project object */ = {
			isa = PBXProject;
			attributes = {
				LastSwiftUpdateCheck = 1130;
				LastUpgradeCheck = 1130;
				ORGANIZATIONNAME = "Eric Romrell";
				TargetAttributes = {
					0C9EE903242D9747005737B7 = {
						CreatedOnToolsVersion = 11.3.1;
						TestTargetID = 0CE75E342423121E006CD68B;
					};
					0CE75E342423121E006CD68B = {
						CreatedOnToolsVersion = 11.3.1;
					};
				};
			};
			buildConfigurationList = 0CE75E302423121E006CD68B /* Build configuration list for PBXProject "National Champions" */;
			compatibilityVersion = "Xcode 9.3";
			developmentRegion = en;
			hasScannedForEncodings = 0;
			knownRegions = (
				en,
				Base,
			);
			mainGroup = 0CE75E2C2423121E006CD68B;
			productRefGroup = 0CE75E362423121E006CD68B /* Products */;
			projectDirPath = "";
			projectRoot = "";
			targets = (
				0CE75E342423121E006CD68B /* National Champions */,
				0C9EE903242D9747005737B7 /* NationalChampionsTests */,
			);
		};
/* End PBXProject section */

/* Begin PBXResourcesBuildPhase section */
		0C9EE902242D9747005737B7 /* Resources */ = {
			isa = PBXResourcesBuildPhase;
			buildActionMask = 2147483647;
			files = (
			);
			runOnlyForDeploymentPostprocessing = 0;
		};
		0CE75E332423121E006CD68B /* Resources */ = {
			isa = PBXResourcesBuildPhase;
			buildActionMask = 2147483647;
			files = (
				0CE75E482423121F006CD68B /* LaunchScreen.storyboard in Resources */,
				0CE75E452423121F006CD68B /* Assets.xcassets in Resources */,
				0CE75E402423121E006CD68B /* Main.storyboard in Resources */,
			);
			runOnlyForDeploymentPostprocessing = 0;
		};
/* End PBXResourcesBuildPhase section */

/* Begin PBXShellScriptBuildPhase section */
		12E2993BB8DC8A862EEE79B5 /* [CP] Check Pods Manifest.lock */ = {
			isa = PBXShellScriptBuildPhase;
			buildActionMask = 2147483647;
			files = (
			);
			inputFileListPaths = (
			);
			inputPaths = (
				"${PODS_PODFILE_DIR_PATH}/Podfile.lock",
				"${PODS_ROOT}/Manifest.lock",
			);
			name = "[CP] Check Pods Manifest.lock";
			outputFileListPaths = (
			);
			outputPaths = (
				"$(DERIVED_FILE_DIR)/Pods-National Champions-checkManifestLockResult.txt",
			);
			runOnlyForDeploymentPostprocessing = 0;
			shellPath = /bin/sh;
			shellScript = "diff \"${PODS_PODFILE_DIR_PATH}/Podfile.lock\" \"${PODS_ROOT}/Manifest.lock\" > /dev/null\nif [ $? != 0 ] ; then\n    # print error to STDERR\n    echo \"error: The sandbox is not in sync with the Podfile.lock. Run 'pod install' or update your CocoaPods installation.\" >&2\n    exit 1\nfi\n# This output is used by Xcode 'outputs' to avoid re-running this script phase.\necho \"SUCCESS\" > \"${SCRIPT_OUTPUT_FILE_0}\"\n";
			showEnvVarsInLog = 0;
		};
/* End PBXShellScriptBuildPhase section */

/* Begin PBXSourcesBuildPhase section */
		0C9EE900242D9747005737B7 /* Sources */ = {
			isa = PBXSourcesBuildPhase;
			buildActionMask = 2147483647;
			files = (
				0C5742862468720500013B0A /* PlayerTests.swift in Sources */,
				0C9EE907242D9747005737B7 /* MatchTests.swift in Sources */,
				0C5742882468725500013B0A /* TestFixtures.swift in Sources */,
			);
			runOnlyForDeploymentPostprocessing = 0;
		};
		0CE75E312423121E006CD68B /* Sources */ = {
			isa = PBXSourcesBuildPhase;
			buildActionMask = 2147483647;
			files = (
				0CE7F6232424775D004242C3 /* PlayerTableViewCell.swift in Sources */,
				0CE75E3D2423121E006CD68B /* ReportMatchViewController.swift in Sources */,
				0CF539EF247C762800B9133C /* EditMatchViewController.swift in Sources */,
				0CD0C4C72424587F000714F1 /* Extensions.swift in Sources */,
				0C44D6C42428506100BA96AF /* Match.swift in Sources */,
				0CAEE0112429A4A800BB60D9 /* MatchHistoryViewController.swift in Sources */,
				0CE75E392423121E006CD68B /* AppDelegate.swift in Sources */,
				0CE7F62124246B3A004242C3 /* Player.swift in Sources */,
				0CAEE0132429A4EF00BB60D9 /* MatchTableViewCell.swift in Sources */,
				0CD0C4C224245399000714F1 /* PlayersViewController.swift in Sources */,
				0C9EE90F242DA0B9005737B7 /* PlayerMatchesViewController.swift in Sources */,
				0CE75E3B2423121E006CD68B /* SceneDelegate.swift in Sources */,
				0C78659C2482F9D9001356FB /* DataWrapper.swift in Sources */,
			);
			runOnlyForDeploymentPostprocessing = 0;
		};
/* End PBXSourcesBuildPhase section */

/* Begin PBXTargetDependency section */
		0C9EE90A242D9747005737B7 /* PBXTargetDependency */ = {
			isa = PBXTargetDependency;
			target = 0CE75E342423121E006CD68B /* National Champions */;
			targetProxy = 0C9EE909242D9747005737B7 /* PBXContainerItemProxy */;
		};
/* End PBXTargetDependency section */

/* Begin PBXVariantGroup section */
		0CE75E3E2423121E006CD68B /* Main.storyboard */ = {
			isa = PBXVariantGroup;
			children = (
				0CE75E3F2423121E006CD68B /* Base */,
			);
			name = Main.storyboard;
			sourceTree = "<group>";
		};
		0CE75E462423121F006CD68B /* LaunchScreen.storyboard */ = {
			isa = PBXVariantGroup;
			children = (
				0CE75E472423121F006CD68B /* Base */,
			);
			name = LaunchScreen.storyboard;
			sourceTree = "<group>";
		};
/* End PBXVariantGroup section */

/* Begin XCBuildConfiguration section */
		0C9EE90C242D9747005737B7 /* Debug */ = {
			isa = XCBuildConfiguration;
			buildSettings = {
				BUNDLE_LOADER = "$(TEST_HOST)";
				CODE_SIGN_STYLE = Automatic;
				DEVELOPMENT_TEAM = G9JN5J3VZ9;
				INFOPLIST_FILE = NationalChampionsTests/Info.plist;
				LD_RUNPATH_SEARCH_PATHS = (
					"$(inherited)",
					"@executable_path/Frameworks",
					"@loader_path/Frameworks",
				);
				PRODUCT_BUNDLE_IDENTIFIER = com.romrell4.NationalChampionsTests;
				PRODUCT_NAME = "$(TARGET_NAME)";
				SWIFT_VERSION = 5.0;
				TARGETED_DEVICE_FAMILY = "1,2";
				TEST_HOST = "$(BUILT_PRODUCTS_DIR)/National Champs.app/National Champs";
			};
			name = Debug;
		};
		0C9EE90D242D9747005737B7 /* Release */ = {
			isa = XCBuildConfiguration;
			buildSettings = {
				BUNDLE_LOADER = "$(TEST_HOST)";
				CODE_SIGN_STYLE = Automatic;
				DEVELOPMENT_TEAM = G9JN5J3VZ9;
				INFOPLIST_FILE = NationalChampionsTests/Info.plist;
				LD_RUNPATH_SEARCH_PATHS = (
					"$(inherited)",
					"@executable_path/Frameworks",
					"@loader_path/Frameworks",
				);
				PRODUCT_BUNDLE_IDENTIFIER = com.romrell4.NationalChampionsTests;
				PRODUCT_NAME = "$(TARGET_NAME)";
				SWIFT_VERSION = 5.0;
				TARGETED_DEVICE_FAMILY = "1,2";
				TEST_HOST = "$(BUILT_PRODUCTS_DIR)/National Champs.app/National Champs";
			};
			name = Release;
		};
		0CE75E4A2423121F006CD68B /* Debug */ = {
			isa = XCBuildConfiguration;
			buildSettings = {
				ALWAYS_SEARCH_USER_PATHS = NO;
				CLANG_ANALYZER_NONNULL = YES;
				CLANG_ANALYZER_NUMBER_OBJECT_CONVERSION = YES_AGGRESSIVE;
				CLANG_CXX_LANGUAGE_STANDARD = "gnu++14";
				CLANG_CXX_LIBRARY = "libc++";
				CLANG_ENABLE_MODULES = YES;
				CLANG_ENABLE_OBJC_ARC = YES;
				CLANG_ENABLE_OBJC_WEAK = YES;
				CLANG_WARN_BLOCK_CAPTURE_AUTORELEASING = YES;
				CLANG_WARN_BOOL_CONVERSION = YES;
				CLANG_WARN_COMMA = YES;
				CLANG_WARN_CONSTANT_CONVERSION = YES;
				CLANG_WARN_DEPRECATED_OBJC_IMPLEMENTATIONS = YES;
				CLANG_WARN_DIRECT_OBJC_ISA_USAGE = YES_ERROR;
				CLANG_WARN_DOCUMENTATION_COMMENTS = YES;
				CLANG_WARN_EMPTY_BODY = YES;
				CLANG_WARN_ENUM_CONVERSION = YES;
				CLANG_WARN_INFINITE_RECURSION = YES;
				CLANG_WARN_INT_CONVERSION = YES;
				CLANG_WARN_NON_LITERAL_NULL_CONVERSION = YES;
				CLANG_WARN_OBJC_IMPLICIT_RETAIN_SELF = YES;
				CLANG_WARN_OBJC_LITERAL_CONVERSION = YES;
				CLANG_WARN_OBJC_ROOT_CLASS = YES_ERROR;
				CLANG_WARN_RANGE_LOOP_ANALYSIS = YES;
				CLANG_WARN_STRICT_PROTOTYPES = YES;
				CLANG_WARN_SUSPICIOUS_MOVE = YES;
				CLANG_WARN_UNGUARDED_AVAILABILITY = YES_AGGRESSIVE;
				CLANG_WARN_UNREACHABLE_CODE = YES;
				CLANG_WARN__DUPLICATE_METHOD_MATCH = YES;
				COPY_PHASE_STRIP = NO;
				DEBUG_INFORMATION_FORMAT = dwarf;
				ENABLE_STRICT_OBJC_MSGSEND = YES;
				ENABLE_TESTABILITY = YES;
				GCC_C_LANGUAGE_STANDARD = gnu11;
				GCC_DYNAMIC_NO_PIC = NO;
				GCC_NO_COMMON_BLOCKS = YES;
				GCC_OPTIMIZATION_LEVEL = 0;
				GCC_PREPROCESSOR_DEFINITIONS = (
					"DEBUG=1",
					"$(inherited)",
				);
				GCC_WARN_64_TO_32_BIT_CONVERSION = YES;
				GCC_WARN_ABOUT_RETURN_TYPE = YES_ERROR;
				GCC_WARN_UNDECLARED_SELECTOR = YES;
				GCC_WARN_UNINITIALIZED_AUTOS = YES_AGGRESSIVE;
				GCC_WARN_UNUSED_FUNCTION = YES;
				GCC_WARN_UNUSED_VARIABLE = YES;
				IPHONEOS_DEPLOYMENT_TARGET = 13.2;
				MTL_ENABLE_DEBUG_INFO = INCLUDE_SOURCE;
				MTL_FAST_MATH = YES;
				ONLY_ACTIVE_ARCH = YES;
				SDKROOT = iphoneos;
				SWIFT_ACTIVE_COMPILATION_CONDITIONS = DEBUG;
				SWIFT_OPTIMIZATION_LEVEL = "-Onone";
			};
			name = Debug;
		};
		0CE75E4B2423121F006CD68B /* Release */ = {
			isa = XCBuildConfiguration;
			buildSettings = {
				ALWAYS_SEARCH_USER_PATHS = NO;
				CLANG_ANALYZER_NONNULL = YES;
				CLANG_ANALYZER_NUMBER_OBJECT_CONVERSION = YES_AGGRESSIVE;
				CLANG_CXX_LANGUAGE_STANDARD = "gnu++14";
				CLANG_CXX_LIBRARY = "libc++";
				CLANG_ENABLE_MODULES = YES;
				CLANG_ENABLE_OBJC_ARC = YES;
				CLANG_ENABLE_OBJC_WEAK = YES;
				CLANG_WARN_BLOCK_CAPTURE_AUTORELEASING = YES;
				CLANG_WARN_BOOL_CONVERSION = YES;
				CLANG_WARN_COMMA = YES;
				CLANG_WARN_CONSTANT_CONVERSION = YES;
				CLANG_WARN_DEPRECATED_OBJC_IMPLEMENTATIONS = YES;
				CLANG_WARN_DIRECT_OBJC_ISA_USAGE = YES_ERROR;
				CLANG_WARN_DOCUMENTATION_COMMENTS = YES;
				CLANG_WARN_EMPTY_BODY = YES;
				CLANG_WARN_ENUM_CONVERSION = YES;
				CLANG_WARN_INFINITE_RECURSION = YES;
				CLANG_WARN_INT_CONVERSION = YES;
				CLANG_WARN_NON_LITERAL_NULL_CONVERSION = YES;
				CLANG_WARN_OBJC_IMPLICIT_RETAIN_SELF = YES;
				CLANG_WARN_OBJC_LITERAL_CONVERSION = YES;
				CLANG_WARN_OBJC_ROOT_CLASS = YES_ERROR;
				CLANG_WARN_RANGE_LOOP_ANALYSIS = YES;
				CLANG_WARN_STRICT_PROTOTYPES = YES;
				CLANG_WARN_SUSPICIOUS_MOVE = YES;
				CLANG_WARN_UNGUARDED_AVAILABILITY = YES_AGGRESSIVE;
				CLANG_WARN_UNREACHABLE_CODE = YES;
				CLANG_WARN__DUPLICATE_METHOD_MATCH = YES;
				COPY_PHASE_STRIP = NO;
				DEBUG_INFORMATION_FORMAT = "dwarf-with-dsym";
				ENABLE_NS_ASSERTIONS = NO;
				ENABLE_STRICT_OBJC_MSGSEND = YES;
				GCC_C_LANGUAGE_STANDARD = gnu11;
				GCC_NO_COMMON_BLOCKS = YES;
				GCC_WARN_64_TO_32_BIT_CONVERSION = YES;
				GCC_WARN_ABOUT_RETURN_TYPE = YES_ERROR;
				GCC_WARN_UNDECLARED_SELECTOR = YES;
				GCC_WARN_UNINITIALIZED_AUTOS = YES_AGGRESSIVE;
				GCC_WARN_UNUSED_FUNCTION = YES;
				GCC_WARN_UNUSED_VARIABLE = YES;
				IPHONEOS_DEPLOYMENT_TARGET = 13.2;
				MTL_ENABLE_DEBUG_INFO = NO;
				MTL_FAST_MATH = YES;
				SDKROOT = iphoneos;
				SWIFT_COMPILATION_MODE = wholemodule;
				SWIFT_OPTIMIZATION_LEVEL = "-O";
				VALIDATE_PRODUCT = YES;
			};
			name = Release;
		};
		0CE75E4D2423121F006CD68B /* Debug */ = {
			isa = XCBuildConfiguration;
			baseConfigurationReference = CD4DF339D3B75A7DA43607A1 /* Pods-National Champions.debug.xcconfig */;
			buildSettings = {
				ASSETCATALOG_COMPILER_APPICON_NAME = AppIcon;
				CODE_SIGN_IDENTITY = "Apple Development";
				CODE_SIGN_STYLE = Automatic;
				CURRENT_PROJECT_VERSION = 43;
				DEVELOPMENT_TEAM = G9JN5J3VZ9;
				INFOPLIST_FILE = "National Champions/Info.plist";
				LD_RUNPATH_SEARCH_PATHS = (
					"$(inherited)",
					"@executable_path/Frameworks",
				);
				PRODUCT_BUNDLE_IDENTIFIER = com.romrell4.NationalChampions;
				PRODUCT_NAME = "National Champs";
				PROVISIONING_PROFILE_SPECIFIER = "";
				SWIFT_VERSION = 5.0;
				TARGETED_DEVICE_FAMILY = 1;
			};
			name = Debug;
		};
		0CE75E4E2423121F006CD68B /* Release */ = {
			isa = XCBuildConfiguration;
			baseConfigurationReference = 50CBC24AAF8B6DC63256F6CD /* Pods-National Champions.release.xcconfig */;
			buildSettings = {
				ASSETCATALOG_COMPILER_APPICON_NAME = AppIcon;
				CODE_SIGN_IDENTITY = "iPhone Distribution";
				CODE_SIGN_STYLE = Manual;
				CURRENT_PROJECT_VERSION = 43;
				DEVELOPMENT_TEAM = G9JN5J3VZ9;
				INFOPLIST_FILE = "National Champions/Info.plist";
				LD_RUNPATH_SEARCH_PATHS = (
					"$(inherited)",
					"@executable_path/Frameworks",
				);
				PRODUCT_BUNDLE_IDENTIFIER = com.romrell4.NationalChampions;
				PRODUCT_NAME = "National Champs";
				PROVISIONING_PROFILE_SPECIFIER = "National Champions Distribution Profile";
				SWIFT_VERSION = 5.0;
				TARGETED_DEVICE_FAMILY = 1;
			};
			name = Release;
		};
/* End XCBuildConfiguration section */

/* Begin XCConfigurationList section */
		0C9EE90B242D9747005737B7 /* Build configuration list for PBXNativeTarget "NationalChampionsTests" */ = {
			isa = XCConfigurationList;
			buildConfigurations = (
				0C9EE90C242D9747005737B7 /* Debug */,
				0C9EE90D242D9747005737B7 /* Release */,
			);
			defaultConfigurationIsVisible = 0;
			defaultConfigurationName = Release;
		};
		0CE75E302423121E006CD68B /* Build configuration list for PBXProject "National Champions" */ = {
			isa = XCConfigurationList;
			buildConfigurations = (
				0CE75E4A2423121F006CD68B /* Debug */,
				0CE75E4B2423121F006CD68B /* Release */,
			);
			defaultConfigurationIsVisible = 0;
			defaultConfigurationName = Release;
		};
		0CE75E4C2423121F006CD68B /* Build configuration list for PBXNativeTarget "National Champions" */ = {
			isa = XCConfigurationList;
			buildConfigurations = (
				0CE75E4D2423121F006CD68B /* Debug */,
				0CE75E4E2423121F006CD68B /* Release */,
			);
			defaultConfigurationIsVisible = 0;
			defaultConfigurationName = Release;
		};
/* End XCConfigurationList section */
	};
	rootObject = 0CE75E2D2423121E006CD68B /* Project object */;
}
